{
  "name": "@igpapi/core",
  "version": "1.0.1-alpha.0",
  "lockfileVersion": 1,
  "requires": true,
  "dependencies": {
    "class-transformer": {
      "version": "0.2.3",
      "resolved": "https://registry.npmjs.org/class-transformer/-/class-transformer-0.2.3.tgz",
      "integrity": "sha512-qsP+0xoavpOlJHuYsQJsN58HXSl8Jvveo+T37rEvCEeRfMWoytAyR0Ua/YsFgpM6AZYZ/og2PJwArwzJl1aXtQ=="
    },
    "tslib": {
      "version": "1.10.0",
      "resolved": "https://registry.npmjs.org/tslib/-/tslib-1.10.0.tgz",
      "integrity": "sha512-qOebF53frne81cf0S9B41ByenJ3/IuH8yJKngAX35CmiZySA0khhkovshKK+jGCaMnVomla7gVlIcc3EvKPbTQ=="
    },
    "tsyringe": {
      "version": "4.0.1",
      "resolved": "https://registry.npmjs.org/tsyringe/-/tsyringe-4.0.1.tgz",
      "integrity": "sha512-Xtn/r3y4fjplogdjiG2buqPBo3/FcXdlUrVWx7JaXpNiwsPG135yEajVfIXVVT1VpnfBYbZ8hjKZer+NJVLTww==",
      "requires": {
        "tslib": "^1.9.3"
      }
    }
  }
}
